
Microsoft Visual Studio Solution File, Format Version 12.00
# Visual Studio 15
VisualStudioVersion = 15.0.28307.136
MinimumVisualStudioVersion = 10.0.40219.1
Project("{FAE04EC0-301F-11D3-BF4B-00C04F79EFBC}") = "ADAQ-Loader", "ADAQ-Loader\ADAQ-Loader.csproj", "{39583F8A-F565-4023-AC33-6BB720A920F1}"
EndProject
Global
	GlobalSection(SolutionConfigurationPlatforms) = preSolution
		Debug|Any CPU = Debug|Any CPU
		Release|Any CPU = Release|Any CPU
	EndGlobalSection
	GlobalSection(ProjectConfigurationPlatforms) = postSolution
		{39583F8A-F565-4023-AC33-6BB720A920F1}.Debug|Any CPU.ActiveCfg = Debug|Any CPU
		{39583F8A-F565-4023-AC33-6BB720A920F1}.Debug|Any CPU.Build.0 = Debug|Any CPU
		{39583F8A-F565-4023-AC33-6BB720A920F1}.Release|Any CPU.ActiveCfg = Release|Any CPU
		{39583F8A-F565-4023-AC33-6BB720A920F1}.Release|Any CPU.Build.0 = Release|Any CPU
	EndGlobalSection
	GlobalSection(SolutionProperties) = preSolution
		HideSolutionNode = FALSE
	EndGlobalSection
	GlobalSection(ExtensibilityGlobals) = postSolution
		SolutionGuid = {259ABC37-3914-4D4F-96E9-E2D6FE9ED120}
	EndGlobalSection
EndGlobal
